
Microsoft Visual Studio Solution File, Format Version 12.00
# Visual Studio Version 17
VisualStudioVersion = 17.5.33530.505
MinimumVisualStudioVersion = 10.0.40219.1
Project("{9A19103F-16F7-4668-BE54-9A1E7A4F7556}") = "ConsumeWebAPI", "ConsumeWebAPI\ConsumeWebAPI.csproj", "{6BC1B609-FCE5-4726-908E-03AEF015CE8F}"
EndProject
Project("{2150E333-8FDC-42A3-9474-1A3956D46DE8}") = "Services", "Services", "{816C3174-39B3-4C1C-A090-75EA48F279C1}"
EndProject
Project("{9A19103F-16F7-4668-BE54-9A1E7A4F7556}") = "Customer.Service", "Customer.Service\Customer.Service.csproj", "{6E5DC11D-AE0D-4B70-97CA-3DC013618EF2}"
EndProject
Project("{9A19103F-16F7-4668-BE54-9A1E7A4F7556}") = "Customer.Service.Model", "Customer.Service.Model\Customer.Service.Model.csproj", "{88B6FCA6-69DE-4540-B36C-89E5CDCF815D}"
EndProject
Global
	GlobalSection(SolutionConfigurationPlatforms) = preSolution
		Debug|Any CPU = Debug|Any CPU
		Release|Any CPU = Release|Any CPU
	EndGlobalSection
	GlobalSection(ProjectConfigurationPlatforms) = postSolution
		{6BC1B609-FCE5-4726-908E-03AEF015CE8F}.Debug|Any CPU.ActiveCfg = Debug|Any CPU
		{6BC1B609-FCE5-4726-908E-03AEF015CE8F}.Debug|Any CPU.Build.0 = Debug|Any CPU
		{6BC1B609-FCE5-4726-908E-03AEF015CE8F}.Release|Any CPU.ActiveCfg = Release|Any CPU
		{6BC1B609-FCE5-4726-908E-03AEF015CE8F}.Release|Any CPU.Build.0 = Release|Any CPU
		{6E5DC11D-AE0D-4B70-97CA-3DC013618EF2}.Debug|Any CPU.ActiveCfg = Debug|Any CPU
		{6E5DC11D-AE0D-4B70-97CA-3DC013618EF2}.Debug|Any CPU.Build.0 = Debug|Any CPU
		{6E5DC11D-AE0D-4B70-97CA-3DC013618EF2}.Release|Any CPU.ActiveCfg = Release|Any CPU
		{6E5DC11D-AE0D-4B70-97CA-3DC013618EF2}.Release|Any CPU.Build.0 = Release|Any CPU
		{88B6FCA6-69DE-4540-B36C-89E5CDCF815D}.Debug|Any CPU.ActiveCfg = Debug|Any CPU
		{88B6FCA6-69DE-4540-B36C-89E5CDCF815D}.Debug|Any CPU.Build.0 = Debug|Any CPU
		{88B6FCA6-69DE-4540-B36C-89E5CDCF815D}.Release|Any CPU.ActiveCfg = Release|Any CPU
		{88B6FCA6-69DE-4540-B36C-89E5CDCF815D}.Release|Any CPU.Build.0 = Release|Any CPU
	EndGlobalSection
	GlobalSection(SolutionProperties) = preSolution
		HideSolutionNode = FALSE
	EndGlobalSection
	GlobalSection(NestedProjects) = preSolution
		{6E5DC11D-AE0D-4B70-97CA-3DC013618EF2} = {816C3174-39B3-4C1C-A090-75EA48F279C1}
		{88B6FCA6-69DE-4540-B36C-89E5CDCF815D} = {816C3174-39B3-4C1C-A090-75EA48F279C1}
	EndGlobalSection
	GlobalSection(ExtensibilityGlobals) = postSolution
		SolutionGuid = {4E0A00E0-F2E4-470D-99D7-EE7BB6E0F50A}
	EndGlobalSection
EndGlobal
